// !$*UTF8*$!
{
	archiveVersion = 1;
	classes = {
	};
	objectVersion = 50;
	objects = {

/* Begin PBXBuildFile section */
		1609F6CB235E90EB00E18B85 /* AppDelegate.swift in Sources */ = {isa = PBXBuildFile; fileRef = 1609F6CA235E90EB00E18B85 /* AppDelegate.swift */; };
		1609F6CD235E90EB00E18B85 /* SceneDelegate.swift in Sources */ = {isa = PBXBuildFile; fileRef = 1609F6CC235E90EB00E18B85 /* SceneDelegate.swift */; };
		1609F6D2235E90EB00E18B85 /* Main.storyboard in Resources */ = {isa = PBXBuildFile; fileRef = 1609F6D0235E90EB00E18B85 /* Main.storyboard */; };
		1609F6D4235E90EB00E18B85 /* Assets.xcassets in Resources */ = {isa = PBXBuildFile; fileRef = 1609F6D3235E90EB00E18B85 /* Assets.xcassets */; };
		1609F6D7235E90EB00E18B85 /* LaunchScreen.storyboard in Resources */ = {isa = PBXBuildFile; fileRef = 1609F6D5235E90EB00E18B85 /* LaunchScreen.storyboard */; };
		1609F6DF235EA14700E18B85 /* Clock.storyboard in Resources */ = {isa = PBXBuildFile; fileRef = 1609F6DE235EA14700E18B85 /* Clock.storyboard */; };
		1609F6E1235EB0B100E18B85 /* ClockTableViewController.swift in Sources */ = {isa = PBXBuildFile; fileRef = 1609F6E0235EB0B100E18B85 /* ClockTableViewController.swift */; };
		163ED5D0235FED6C00C8B2E0 /* ClockSetting.swift in Sources */ = {isa = PBXBuildFile; fileRef = 163ED5CF235FED6C00C8B2E0 /* ClockSetting.swift */; };
		163ED5FD23601FCF00C8B2E0 /* SettingTableViewController.swift in Sources */ = {isa = PBXBuildFile; fileRef = 163ED5FC23601FCF00C8B2E0 /* SettingTableViewController.swift */; };
		169C24B9236195DB0003EB28 /* TagViewController.swift in Sources */ = {isa = PBXBuildFile; fileRef = 169C24B8236195DB0003EB28 /* TagViewController.swift */; };
		169C24BB2361962F0003EB28 /* VoiceViewController.swift in Sources */ = {isa = PBXBuildFile; fileRef = 169C24BA2361962F0003EB28 /* VoiceViewController.swift */; };
		16A37BE3235ED9A2001C4901 /* AddClockViewController.swift in Sources */ = {isa = PBXBuildFile; fileRef = 16A37BE2235ED9A2001C4901 /* AddClockViewController.swift */; };
		16A51F3923617F7200A45B48 /* RepeatOptionViewController.swift in Sources */ = {isa = PBXBuildFile; fileRef = 16A51F3823617F7200A45B48 /* RepeatOptionViewController.swift */; };
		16C1C412236136E000A5D0D3 /* ClockTableViewCell.swift in Sources */ = {isa = PBXBuildFile; fileRef = 16C1C411236136E000A5D0D3 /* ClockTableViewCell.swift */; };
/* End PBXBuildFile section */

/* Begin PBXFileReference section */
		1609F6C7235E90EB00E18B85 /* 時鐘.app */ = {isa = PBXFileReference; explicitFileType = wrapper.application; includeInIndex = 0; path = "時鐘.app"; sourceTree = BUILT_PRODUCTS_DIR; };
		1609F6CA235E90EB00E18B85 /* AppDelegate.swift */ = {isa = PBXFileReference; lastKnownFileType = sourcecode.swift; path = AppDelegate.swift; sourceTree = "<group>"; };
		1609F6CC235E90EB00E18B85 /* SceneDelegate.swift */ = {isa = PBXFileReference; lastKnownFileType = sourcecode.swift; path = SceneDelegate.swift; sourceTree = "<group>"; };
		1609F6D1235E90EB00E18B85 /* Base */ = {isa = PBXFileReference; lastKnownFileType = file.storyboard; name = Base; path = Base.lproj/Main.storyboard; sourceTree = "<group>"; };
		1609F6D3235E90EB00E18B85 /* Assets.xcassets */ = {isa = PBXFileReference; lastKnownFileType = folder.assetcatalog; path = Assets.xcassets; sourceTree = "<group>"; };
		1609F6D6235E90EB00E18B85 /* Base */ = {isa = PBXFileReference; lastKnownFileType = file.storyboard; name = Base; path = Base.lproj/LaunchScreen.storyboard; sourceTree = "<group>"; };
		1609F6D8235E90EB00E18B85 /* Info.plist */ = {isa = PBXFileReference; lastKnownFileType = text.plist.xml; path = Info.plist; sourceTree = "<group>"; };
		1609F6DE235EA14700E18B85 /* Clock.storyboard */ = {isa = PBXFileReference; lastKnownFileType = file.storyboard; path = Clock.storyboard; sourceTree = "<group>"; };
		1609F6E0235EB0B100E18B85 /* ClockTableViewController.swift */ = {isa = PBXFileReference; lastKnownFileType = sourcecode.swift; path = ClockTableViewController.swift; sourceTree = "<group>"; };
		163ED5CF235FED6C00C8B2E0 /* ClockSetting.swift */ = {isa = PBXFileReference; lastKnownFileType = sourcecode.swift; path = ClockSetting.swift; sourceTree = "<group>"; };
		163ED5FC23601FCF00C8B2E0 /* SettingTableViewController.swift */ = {isa = PBXFileReference; lastKnownFileType = sourcecode.swift; path = SettingTableViewController.swift; sourceTree = "<group>"; };
		169C24B8236195DB0003EB28 /* TagViewController.swift */ = {isa = PBXFileReference; lastKnownFileType = sourcecode.swift; path = TagViewController.swift; sourceTree = "<group>"; };
		169C24BA2361962F0003EB28 /* VoiceViewController.swift */ = {isa = PBXFileReference; lastKnownFileType = sourcecode.swift; path = VoiceViewController.swift; sourceTree = "<group>"; };
		16A37BE2235ED9A2001C4901 /* AddClockViewController.swift */ = {isa = PBXFileReference; lastKnownFileType = sourcecode.swift; path = AddClockViewController.swift; sourceTree = "<group>"; };
		16A51F3823617F7200A45B48 /* RepeatOptionViewController.swift */ = {isa = PBXFileReference; lastKnownFileType = sourcecode.swift; path = RepeatOptionViewController.swift; sourceTree = "<group>"; };
		16C1C411236136E000A5D0D3 /* ClockTableViewCell.swift */ = {isa = PBXFileReference; lastKnownFileType = sourcecode.swift; path = ClockTableViewCell.swift; sourceTree = "<group>"; };
/* End PBXFileReference section */

/* Begin PBXFrameworksBuildPhase section */
		1609F6C4235E90EB00E18B85 /* Frameworks */ = {
			isa = PBXFrameworksBuildPhase;
			buildActionMask = 2147483647;
			files = (
			);
			runOnlyForDeploymentPostprocessing = 0;
		};
/* End PBXFrameworksBuildPhase section */

/* Begin PBXGroup section */
		1609F6BE235E90EB00E18B85 = {
			isa = PBXGroup;
			children = (
				1609F6C9235E90EB00E18B85 /* ClockClone */,
				1609F6C8235E90EB00E18B85 /* Products */,
			);
			sourceTree = "<group>";
		};
		1609F6C8235E90EB00E18B85 /* Products */ = {
			isa = PBXGroup;
			children = (
				1609F6C7235E90EB00E18B85 /* 時鐘.app */,
			);
			name = Products;
			sourceTree = "<group>";
		};
		1609F6C9235E90EB00E18B85 /* ClockClone */ = {
			isa = PBXGroup;
			children = (
				1609F6CA235E90EB00E18B85 /* AppDelegate.swift */,
				1609F6CC235E90EB00E18B85 /* SceneDelegate.swift */,
				163ED5D1235FED7100C8B2E0 /* Model */,
				163ED5CD235FEC6B00C8B2E0 /* VIew */,
				163ED5CE235FEC7C00C8B2E0 /* Controller */,
				1609F6D3235E90EB00E18B85 /* Assets.xcassets */,
				1609F6D8235E90EB00E18B85 /* Info.plist */,
			);
			path = ClockClone;
			sourceTree = "<group>";
		};
		163ED5CD235FEC6B00C8B2E0 /* VIew */ = {
			isa = PBXGroup;
			children = (
				1609F6D0235E90EB00E18B85 /* Main.storyboard */,
				1609F6DE235EA14700E18B85 /* Clock.storyboard */,
				1609F6D5235E90EB00E18B85 /* LaunchScreen.storyboard */,
			);
			path = VIew;
			sourceTree = "<group>";
		};
		163ED5CE235FEC7C00C8B2E0 /* Controller */ = {
			isa = PBXGroup;
			children = (
				1609F6E0235EB0B100E18B85 /* ClockTableViewController.swift */,
				16C1C411236136E000A5D0D3 /* ClockTableViewCell.swift */,
				16A37BE2235ED9A2001C4901 /* AddClockViewController.swift */,
				163ED5FC23601FCF00C8B2E0 /* SettingTableViewController.swift */,
				16A51F3823617F7200A45B48 /* RepeatOptionViewController.swift */,
				169C24B8236195DB0003EB28 /* TagViewController.swift */,
				169C24BA2361962F0003EB28 /* VoiceViewController.swift */,
			);
			path = Controller;
			sourceTree = "<group>";
		};
		163ED5D1235FED7100C8B2E0 /* Model */ = {
			isa = PBXGroup;
			children = (
				163ED5CF235FED6C00C8B2E0 /* ClockSetting.swift */,
			);
			path = Model;
			sourceTree = "<group>";
		};
/* End PBXGroup section */

/* Begin PBXNativeTarget section */
		1609F6C6235E90EB00E18B85 /* ClockClone */ = {
			isa = PBXNativeTarget;
			buildConfigurationList = 1609F6DB235E90EB00E18B85 /* Build configuration list for PBXNativeTarget "ClockClone" */;
			buildPhases = (
				1609F6C3235E90EB00E18B85 /* Sources */,
				1609F6C4235E90EB00E18B85 /* Frameworks */,
				1609F6C5235E90EB00E18B85 /* Resources */,
			);
			buildRules = (
			);
			dependencies = (
			);
			name = ClockClone;
			productName = ClockClone;
			productReference = 1609F6C7235E90EB00E18B85 /* 時鐘.app */;
			productType = "com.apple.product-type.application";
		};
/* End PBXNativeTarget section */

/* Begin PBXProject section */
		1609F6BF235E90EB00E18B85 /* Project object */ = {
			isa = PBXProject;
			attributes = {
				LastSwiftUpdateCheck = 1110;
				LastUpgradeCheck = 1110;
				ORGANIZATIONNAME = Lacie;
				TargetAttributes = {
					1609F6C6235E90EB00E18B85 = {
						CreatedOnToolsVersion = 11.1;
					};
				};
			};
			buildConfigurationList = 1609F6C2235E90EB00E18B85 /* Build configuration list for PBXProject "ClockClone" */;
			compatibilityVersion = "Xcode 9.3";
			developmentRegion = en;
			hasScannedForEncodings = 0;
			knownRegions = (
				en,
				Base,
			);
			mainGroup = 1609F6BE235E90EB00E18B85;
			productRefGroup = 1609F6C8235E90EB00E18B85 /* Products */;
			projectDirPath = "";
			projectRoot = "";
			targets = (
				1609F6C6235E90EB00E18B85 /* ClockClone */,
			);
		};
/* End PBXProject section */

/* Begin PBXResourcesBuildPhase section */
		1609F6C5235E90EB00E18B85 /* Resources */ = {
			isa = PBXResourcesBuildPhase;
			buildActionMask = 2147483647;
			files = (
				1609F6D7235E90EB00E18B85 /* LaunchScreen.storyboard in Resources */,
				1609F6D4235E90EB00E18B85 /* Assets.xcassets in Resources */,
				1609F6D2235E90EB00E18B85 /* Main.storyboard in Resources */,
				1609F6DF235EA14700E18B85 /* Clock.storyboard in Resources */,
			);
			runOnlyForDeploymentPostprocessing = 0;
		};
/* End PBXResourcesBuildPhase section */

/* Begin PBXSourcesBuildPhase section */
		1609F6C3235E90EB00E18B85 /* Sources */ = {
			isa = PBXSourcesBuildPhase;
			buildActionMask = 2147483647;
			files = (
				16A51F3923617F7200A45B48 /* RepeatOptionViewController.swift in Sources */,
				16C1C412236136E000A5D0D3 /* ClockTableViewCell.swift in Sources */,
				163ED5FD23601FCF00C8B2E0 /* SettingTableViewController.swift in Sources */,
				1609F6E1235EB0B100E18B85 /* ClockTableViewController.swift in Sources */,
				163ED5D0235FED6C00C8B2E0 /* ClockSetting.swift in Sources */,
				169C24BB2361962F0003EB28 /* VoiceViewController.swift in Sources */,
				1609F6CB235E90EB00E18B85 /* AppDelegate.swift in Sources */,
				169C24B9236195DB0003EB28 /* TagViewController.swift in Sources */,
				1609F6CD235E90EB00E18B85 /* SceneDelegate.swift in Sources */,
				16A37BE3235ED9A2001C4901 /* AddClockViewController.swift in Sources */,
			);
			runOnlyForDeploymentPostprocessing = 0;
		};
/* End PBXSourcesBuildPhase section */

/* Begin PBXVariantGroup section */
		1609F6D0235E90EB00E18B85 /* Main.storyboard */ = {
			isa = PBXVariantGroup;
			children = (
				1609F6D1235E90EB00E18B85 /* Base */,
			);
			name = Main.storyboard;
			sourceTree = "<group>";
		};
		1609F6D5235E90EB00E18B85 /* LaunchScreen.storyboard */ = {
			isa = PBXVariantGroup;
			children = (
				1609F6D6235E90EB00E18B85 /* Base */,
			);
			name = LaunchScreen.storyboard;
			sourceTree = "<group>";
		};
/* End PBXVariantGroup section */

/* Begin XCBuildConfiguration section */
		1609F6D9235E90EB00E18B85 /* Debug */ = {
			isa = XCBuildConfiguration;
			buildSettings = {
				ALWAYS_SEARCH_USER_PATHS = NO;
				CLANG_ANALYZER_NONNULL = YES;
				CLANG_ANALYZER_NUMBER_OBJECT_CONVERSION = YES_AGGRESSIVE;
				CLANG_CXX_LANGUAGE_STANDARD = "gnu++14";
				CLANG_CXX_LIBRARY = "libc++";
				CLANG_ENABLE_MODULES = YES;
				CLANG_ENABLE_OBJC_ARC = YES;
				CLANG_ENABLE_OBJC_WEAK = YES;
				CLANG_WARN_BLOCK_CAPTURE_AUTORELEASING = YES;
				CLANG_WARN_BOOL_CONVERSION = YES;
				CLANG_WARN_COMMA = YES;
				CLANG_WARN_CONSTANT_CONVERSION = YES;
				CLANG_WARN_DEPRECATED_OBJC_IMPLEMENTATIONS = YES;
				CLANG_WARN_DIRECT_OBJC_ISA_USAGE = YES_ERROR;
				CLANG_WARN_DOCUMENTATION_COMMENTS = YES;
				CLANG_WARN_EMPTY_BODY = YES;
				CLANG_WARN_ENUM_CONVERSION = YES;
				CLANG_WARN_INFINITE_RECURSION = YES;
				CLANG_WARN_INT_CONVERSION = YES;
				CLANG_WARN_NON_LITERAL_NULL_CONVERSION = YES;
				CLANG_WARN_OBJC_IMPLICIT_RETAIN_SELF = YES;
				CLANG_WARN_OBJC_LITERAL_CONVERSION = YES;
				CLANG_WARN_OBJC_ROOT_CLASS = YES_ERROR;
				CLANG_WARN_RANGE_LOOP_ANALYSIS = YES;
				CLANG_WARN_STRICT_PROTOTYPES = YES;
				CLANG_WARN_SUSPICIOUS_MOVE = YES;
				CLANG_WARN_UNGUARDED_AVAILABILITY = YES_AGGRESSIVE;
				CLANG_WARN_UNREACHABLE_CODE = YES;
				CLANG_WARN__DUPLICATE_METHOD_MATCH = YES;
				COPY_PHASE_STRIP = NO;
				DEBUG_INFORMATION_FORMAT = dwarf;
				ENABLE_STRICT_OBJC_MSGSEND = YES;
				ENABLE_TESTABILITY = YES;
				GCC_C_LANGUAGE_STANDARD = gnu11;
				GCC_DYNAMIC_NO_PIC = NO;
				GCC_NO_COMMON_BLOCKS = YES;
				GCC_OPTIMIZATION_LEVEL = 0;
				GCC_PREPROCESSOR_DEFINITIONS = (
					"DEBUG=1",
					"$(inherited)",
				);
				GCC_WARN_64_TO_32_BIT_CONVERSION = YES;
				GCC_WARN_ABOUT_RETURN_TYPE = YES_ERROR;
				GCC_WARN_UNDECLARED_SELECTOR = YES;
				GCC_WARN_UNINITIALIZED_AUTOS = YES_AGGRESSIVE;
				GCC_WARN_UNUSED_FUNCTION = YES;
				GCC_WARN_UNUSED_VARIABLE = YES;
				IPHONEOS_DEPLOYMENT_TARGET = 13.1;
				MTL_ENABLE_DEBUG_INFO = INCLUDE_SOURCE;
				MTL_FAST_MATH = YES;
				ONLY_ACTIVE_ARCH = YES;
				SDKROOT = iphoneos;
				SWIFT_ACTIVE_COMPILATION_CONDITIONS = DEBUG;
				SWIFT_OPTIMIZATION_LEVEL = "-Onone";
			};
			name = Debug;
		};
		1609F6DA235E90EB00E18B85 /* Release */ = {
			isa = XCBuildConfiguration;
			buildSettings = {
				ALWAYS_SEARCH_USER_PATHS = NO;
				CLANG_ANALYZER_NONNULL = YES;
				CLANG_ANALYZER_NUMBER_OBJECT_CONVERSION = YES_AGGRESSIVE;
				CLANG_CXX_LANGUAGE_STANDARD = "gnu++14";
				CLANG_CXX_LIBRARY = "libc++";
				CLANG_ENABLE_MODULES = YES;
				CLANG_ENABLE_OBJC_ARC = YES;
				CLANG_ENABLE_OBJC_WEAK = YES;
				CLANG_WARN_BLOCK_CAPTURE_AUTORELEASING = YES;
				CLANG_WARN_BOOL_CONVERSION = YES;
				CLANG_WARN_COMMA = YES;
				CLANG_WARN_CONSTANT_CONVERSION = YES;
				CLANG_WARN_DEPRECATED_OBJC_IMPLEMENTATIONS = YES;
				CLANG_WARN_DIRECT_OBJC_ISA_USAGE = YES_ERROR;
				CLANG_WARN_DOCUMENTATION_COMMENTS = YES;
				CLANG_WARN_EMPTY_BODY = YES;
				CLANG_WARN_ENUM_CONVERSION = YES;
				CLANG_WARN_INFINITE_RECURSION = YES;
				CLANG_WARN_INT_CONVERSION = YES;
				CLANG_WARN_NON_LITERAL_NULL_CONVERSION = YES;
				CLANG_WARN_OBJC_IMPLICIT_RETAIN_SELF = YES;
				CLANG_WARN_OBJC_LITERAL_CONVERSION = YES;
				CLANG_WARN_OBJC_ROOT_CLASS = YES_ERROR;
				CLANG_WARN_RANGE_LOOP_ANALYSIS = YES;
				CLANG_WARN_STRICT_PROTOTYPES = YES;
				CLANG_WARN_SUSPICIOUS_MOVE = YES;
				CLANG_WARN_UNGUARDED_AVAILABILITY = YES_AGGRESSIVE;
				CLANG_WARN_UNREACHABLE_CODE = YES;
				CLANG_WARN__DUPLICATE_METHOD_MATCH = YES;
				COPY_PHASE_STRIP = NO;
				DEBUG_INFORMATION_FORMAT = "dwarf-with-dsym";
				ENABLE_NS_ASSERTIONS = NO;
				ENABLE_STRICT_OBJC_MSGSEND = YES;
				GCC_C_LANGUAGE_STANDARD = gnu11;
				GCC_NO_COMMON_BLOCKS = YES;
				GCC_WARN_64_TO_32_BIT_CONVERSION = YES;
				GCC_WARN_ABOUT_RETURN_TYPE = YES_ERROR;
				GCC_WARN_UNDECLARED_SELECTOR = YES;
				GCC_WARN_UNINITIALIZED_AUTOS = YES_AGGRESSIVE;
				GCC_WARN_UNUSED_FUNCTION = YES;
				GCC_WARN_UNUSED_VARIABLE = YES;
				IPHONEOS_DEPLOYMENT_TARGET = 13.1;
				MTL_ENABLE_DEBUG_INFO = NO;
				MTL_FAST_MATH = YES;
				SDKROOT = iphoneos;
				SWIFT_COMPILATION_MODE = wholemodule;
				SWIFT_OPTIMIZATION_LEVEL = "-O";
				VALIDATE_PRODUCT = YES;
			};
			name = Release;
		};
		1609F6DC235E90EB00E18B85 /* Debug */ = {
			isa = XCBuildConfiguration;
			buildSettings = {
				ASSETCATALOG_COMPILER_APPICON_NAME = AppIcon;
				CODE_SIGN_STYLE = Automatic;
				DEVELOPMENT_TEAM = LNL6T3MTH9;
				INFOPLIST_FILE = ClockClone/Info.plist;
				LD_RUNPATH_SEARCH_PATHS = (
					"$(inherited)",
					"@executable_path/Frameworks",
				);
				PRODUCT_BUNDLE_IDENTIFIER = com.Lacie.ClockClone;
				PRODUCT_NAME = "時鐘";
				SWIFT_VERSION = 5.0;
				TARGETED_DEVICE_FAMILY = 1;
			};
			name = Debug;
		};
		1609F6DD235E90EB00E18B85 /* Release */ = {
			isa = XCBuildConfiguration;
			buildSettings = {
				ASSETCATALOG_COMPILER_APPICON_NAME = AppIcon;
				CODE_SIGN_STYLE = Automatic;
				DEVELOPMENT_TEAM = LNL6T3MTH9;
				INFOPLIST_FILE = ClockClone/Info.plist;
				LD_RUNPATH_SEARCH_PATHS = (
					"$(inherited)",
					"@executable_path/Frameworks",
				);
				PRODUCT_BUNDLE_IDENTIFIER = com.Lacie.ClockClone;
				PRODUCT_NAME = "時鐘";
				SWIFT_VERSION = 5.0;
				TARGETED_DEVICE_FAMILY = 1;
			};
			name = Release;
		};
/* End XCBuildConfiguration section */

/* Begin XCConfigurationList section */
		1609F6C2235E90EB00E18B85 /* Build configuration list for PBXProject "ClockClone" */ = {
			isa = XCConfigurationList;
			buildConfigurations = (
				1609F6D9235E90EB00E18B85 /* Debug */,
				1609F6DA235E90EB00E18B85 /* Release */,
			);
			defaultConfigurationIsVisible = 0;
			defaultConfigurationName = Release;
		};
		1609F6DB235E90EB00E18B85 /* Build configuration list for PBXNativeTarget "ClockClone" */ = {
			isa = XCConfigurationList;
			buildConfigurations = (
				1609F6DC235E90EB00E18B85 /* Debug */,
				1609F6DD235E90EB00E18B85 /* Release */,
			);
			defaultConfigurationIsVisible = 0;
			defaultConfigurationName = Release;
		};
/* End XCConfigurationList section */
	};
	rootObject = 1609F6BF235E90EB00E18B85 /* Project object */;
}
